{
    "version": 3,
    "terraform_version": "0.11.0",
    "serial": 6,
    "lineage": "ef62bde6-c15b-4fb1-9767-9eb06e5ada00",
    "modules": [
        {
            "path": [
                "root"
            ],
            "outputs": {},
            "resources": {
                "azurerm_resource_group.rg1": {
                    "type": "azurerm_resource_group",
                    "depends_on": [],
                    "primary": {
                        "id": "/subscriptions/7b13dc94-2b54-4cdf-a247-bbdebdb97f4f/resourceGroups/minschoTfmRG01",
                        "attributes": {
                            "id": "/subscriptions/7b13dc94-2b54-4cdf-a247-bbdebdb97f4f/resourceGroups/minschoTfmRG01",
                            "location": "koreacentral",
                            "name": "minschoTfmRG01",
                            "tags.%": "2",
                            "tags.department": "db실",
                            "tags.environment": "terraform test"
                        },
                        "meta": {},
                        "tainted": false
                    },
                    "deposed": [],
                    "provider": "provider.azurerm"
                },
                "data.azurerm_resource_group.netRG": {
                    "type": "azurerm_resource_group",
                    "depends_on": [],
                    "primary": {
                        "id": "/subscriptions/7b13dc94-2b54-4cdf-a247-bbdebdb97f4f/resourceGroups/minschoNetRG",
                        "attributes": {
                            "id": "/subscriptions/7b13dc94-2b54-4cdf-a247-bbdebdb97f4f/resourceGroups/minschoNetRG",
                            "location": "koreacentral",
                            "name": "minschoNetRG",
                            "tags.%": "0"
                        },
                        "meta": {},
                        "tainted": false
                    },
                    "deposed": [],
                    "provider": "provider.azurerm"
                },
                "data.azurerm_resource_group.targetRG": {
                    "type": "azurerm_resource_group",
                    "depends_on": [],
                    "primary": {
                        "id": "/subscriptions/7b13dc94-2b54-4cdf-a247-bbdebdb97f4f/resourceGroups/minschoTfmRG01",
                        "attributes": {
                            "id": "/subscriptions/7b13dc94-2b54-4cdf-a247-bbdebdb97f4f/resourceGroups/minschoTfmRG01",
                            "location": "koreacentral",
                            "name": "minschoTfmRG01",
                            "tags.%": "2",
                            "tags.department": "db실",
                            "tags.environment": "terraform test"
                        },
                        "meta": {},
                        "tainted": false
                    },
                    "deposed": [],
                    "provider": "provider.azurerm"
                },
                "data.azurerm_subscription.current": {
                    "type": "azurerm_subscription",
                    "depends_on": [],
                    "primary": {
                        "id": "/subscriptions/7b13dc94-2b54-4cdf-a247-bbdebdb97f4f",
                        "attributes": {
                            "display_name": "minscho subscription",
                            "id": "/subscriptions/7b13dc94-2b54-4cdf-a247-bbdebdb97f4f",
                            "location_placement_id": "Public_2014-09-01",
                            "quota_id": "EnterpriseAgreement_2014-09-01",
                            "spending_limit": "Off",
                            "state": "Enabled",
                            "subscription_id": "7b13dc94-2b54-4cdf-a247-bbdebdb97f4f"
                        },
                        "meta": {},
                        "tainted": false
                    },
                    "deposed": [],
                    "provider": "provider.azurerm"
                }
            },
            "depends_on": []
        }
    ]
}
